
Microsoft Visual Studio Solution File, Format Version 12.00
# Visual Studio Version 17
VisualStudioVersion = 17.3.32811.315
MinimumVisualStudioVersion = 10.0.40219.1
Project("{9A19103F-16F7-4668-BE54-9A1E7A4F7556}") = "DynamicWorld", "DynamicWorld.csproj", "{59B562B1-E8FC-412B-BA15-9CF5E9ED81A4}"
EndProject
Global
	GlobalSection(SolutionConfigurationPlatforms) = preSolution
		Debug|Any CPU = Debug|Any CPU
		Release|Any CPU = Release|Any CPU
	EndGlobalSection
	GlobalSection(ProjectConfigurationPlatforms) = postSolution
		{59B562B1-E8FC-412B-BA15-9CF5E9ED81A4}.Debug|Any CPU.ActiveCfg = Debug|Any CPU
		{59B562B1-E8FC-412B-BA15-9CF5E9ED81A4}.Debug|Any CPU.Build.0 = Debug|Any CPU
		{59B562B1-E8FC-412B-BA15-9CF5E9ED81A4}.Release|Any CPU.ActiveCfg = Release|Any CPU
		{59B562B1-E8FC-412B-BA15-9CF5E9ED81A4}.Release|Any CPU.Build.0 = Release|Any CPU
	EndGlobalSection
	GlobalSection(SolutionProperties) = preSolution
		HideSolutionNode = FALSE
	EndGlobalSection
	GlobalSection(ExtensibilityGlobals) = postSolution
		SolutionGuid = {E892FCF0-5E21-48D9-9114-F7237CF3D985}
	EndGlobalSection
EndGlobal
